
Microsoft Visual Studio Solution File, Format Version 12.00
# Visual Studio 15
VisualStudioVersion = 15.0.28307.489
MinimumVisualStudioVersion = 10.0.40219.1
Project("{FAE04EC0-301F-11D3-BF4B-00C04F79EFBC}") = "VSTips", "VSTips\VSTips.csproj", "{A71B2402-E3AB-420F-AF3D-DB12DB0D038B}"
EndProject
Global
	GlobalSection(SolutionConfigurationPlatforms) = preSolution
		Debug|Any CPU = Debug|Any CPU
		Release|Any CPU = Release|Any CPU
	EndGlobalSection
	GlobalSection(ProjectConfigurationPlatforms) = postSolution
		{A71B2402-E3AB-420F-AF3D-DB12DB0D038B}.Debug|Any CPU.ActiveCfg = Debug|Any CPU
		{A71B2402-E3AB-420F-AF3D-DB12DB0D038B}.Debug|Any CPU.Build.0 = Debug|Any CPU
		{A71B2402-E3AB-420F-AF3D-DB12DB0D038B}.Release|Any CPU.ActiveCfg = Release|Any CPU
		{A71B2402-E3AB-420F-AF3D-DB12DB0D038B}.Release|Any CPU.Build.0 = Release|Any CPU
	EndGlobalSection
	GlobalSection(SolutionProperties) = preSolution
		HideSolutionNode = FALSE
	EndGlobalSection
	GlobalSection(ExtensibilityGlobals) = postSolution
		SolutionGuid = {A9987E29-9923-4BBB-96CE-7077FC9AD0DD}
	EndGlobalSection
EndGlobal
