
Microsoft Visual Studio Solution File, Format Version 12.00
# Visual Studio Version 16
VisualStudioVersion = 16.0.28729.10
MinimumVisualStudioVersion = 10.0.40219.1
Project("{9A19103F-16F7-4668-BE54-9A1E7A4F7556}") = "VSTips", "VSTips\VSTips.csproj", "{A71B2402-E3AB-420F-AF3D-DB12DB0D038B}"
EndProject
Project("{9A19103F-16F7-4668-BE54-9A1E7A4F7556}") = "VSTips.Tests", "VSTips.Tests\VSTips.Tests.csproj", "{62717704-8261-4F5F-A1BF-E714B5EF970D}"
EndProject
Project("{9A19103F-16F7-4668-BE54-9A1E7A4F7556}") = "UnneededProject", "UnneededProject\UnneededProject.csproj", "{389D4DA9-8EB1-40B8-A0C1-A2332027A0F3}"
EndProject
Project("{2150E333-8FDC-42A3-9474-1A3956D46DE8}") = "Solution Items", "Solution Items", "{8F777BEF-372C-4BE6-BAC5-986BB9D31B8D}"
	ProjectSection(SolutionItems) = preProject
		.editorconfig = .editorconfig
		README.md = README.md
	EndProjectSection
EndProject
Global
	GlobalSection(SolutionConfigurationPlatforms) = preSolution
		Debug|Any CPU = Debug|Any CPU
		Release|Any CPU = Release|Any CPU
	EndGlobalSection
	GlobalSection(ProjectConfigurationPlatforms) = postSolution
		{A71B2402-E3AB-420F-AF3D-DB12DB0D038B}.Debug|Any CPU.ActiveCfg = Debug|Any CPU
		{A71B2402-E3AB-420F-AF3D-DB12DB0D038B}.Debug|Any CPU.Build.0 = Debug|Any CPU
		{A71B2402-E3AB-420F-AF3D-DB12DB0D038B}.Release|Any CPU.ActiveCfg = Release|Any CPU
		{A71B2402-E3AB-420F-AF3D-DB12DB0D038B}.Release|Any CPU.Build.0 = Release|Any CPU
		{62717704-8261-4F5F-A1BF-E714B5EF970D}.Debug|Any CPU.ActiveCfg = Debug|Any CPU
		{62717704-8261-4F5F-A1BF-E714B5EF970D}.Debug|Any CPU.Build.0 = Debug|Any CPU
		{62717704-8261-4F5F-A1BF-E714B5EF970D}.Release|Any CPU.ActiveCfg = Release|Any CPU
		{62717704-8261-4F5F-A1BF-E714B5EF970D}.Release|Any CPU.Build.0 = Release|Any CPU
		{389D4DA9-8EB1-40B8-A0C1-A2332027A0F3}.Debug|Any CPU.ActiveCfg = Debug|Any CPU
		{389D4DA9-8EB1-40B8-A0C1-A2332027A0F3}.Debug|Any CPU.Build.0 = Debug|Any CPU
		{389D4DA9-8EB1-40B8-A0C1-A2332027A0F3}.Release|Any CPU.ActiveCfg = Release|Any CPU
		{389D4DA9-8EB1-40B8-A0C1-A2332027A0F3}.Release|Any CPU.Build.0 = Release|Any CPU
	EndGlobalSection
	GlobalSection(SolutionProperties) = preSolution
		HideSolutionNode = FALSE
	EndGlobalSection
	GlobalSection(ExtensibilityGlobals) = postSolution
		SolutionGuid = {A9987E29-9923-4BBB-96CE-7077FC9AD0DD}
	EndGlobalSection
EndGlobal
